{
    "_readme": [
        "This file locks the dependencies of your project to a known state",
        "Read more about it at https://getcomposer.org/doc/01-basic-usage.md#composer-lock-the-lock-file",
        "This file is @generated automatically"
    ],
    "content-hash": "43a3a99bd8049a5d1a4a6e1020d0afee",
    "packages": [
        {
            "name": "phpo2/framework",
            "version": "dev-develop",
            "source": {
                "type": "git",
                "url": "https://github.com/phpo2/framework.git",
                "reference": "cc991f80f34753a4884891c4791f25f4d999dffa"
            },
            "dist": {
                "type": "zip",
                "url": "https://api.github.com/repos/phpo2/framework/zipball/cc991f80f34753a4884891c4791f25f4d999dffa",
                "reference": "cc991f80f34753a4884891c4791f25f4d999dffa",
                "shasum": ""
            },
            "type": "library",
            "autoload": {
                "psr-4": {
                    "O2\\": "scr/Core/"
                }
            },
            "notification-url": "https://packagist.org/downloads/",
            "license": [
                "MIT"
            ],
            "description": "The PHPO2 Framework.",
            "time": "2017-12-24 09:42:56"
        }
    ],
    "packages-dev": [],
    "aliases": [],
    "minimum-stability": "stable",
    "stability-flags": {
        "phpo2/framework": 20
    },
    "prefer-stable": false,
    "prefer-lowest": false,
    "platform": [],
    "platform-dev": []
}
